
Microsoft Visual Studio Solution File, Format Version 12.00
# Visual Studio Version 17
VisualStudioVersion = 17.13.35828.75 d17.13
MinimumVisualStudioVersion = 10.0.40219.1
Project("{FAE04EC0-301F-11D3-BF4B-00C04F79EFBC}") = "MediaAlunos", "MediaAlunos\MediaAlunos.csproj", "{6EC4F252-F0CB-44D7-9F8C-16FBD88443FB}"
EndProject
Global
	GlobalSection(SolutionConfigurationPlatforms) = preSolution
		Debug|Any CPU = Debug|Any CPU
		Release|Any CPU = Release|Any CPU
	EndGlobalSection
	GlobalSection(ProjectConfigurationPlatforms) = postSolution
		{6EC4F252-F0CB-44D7-9F8C-16FBD88443FB}.Debug|Any CPU.ActiveCfg = Debug|Any CPU
		{6EC4F252-F0CB-44D7-9F8C-16FBD88443FB}.Debug|Any CPU.Build.0 = Debug|Any CPU
		{6EC4F252-F0CB-44D7-9F8C-16FBD88443FB}.Release|Any CPU.ActiveCfg = Release|Any CPU
		{6EC4F252-F0CB-44D7-9F8C-16FBD88443FB}.Release|Any CPU.Build.0 = Release|Any CPU
	EndGlobalSection
	GlobalSection(SolutionProperties) = preSolution
		HideSolutionNode = FALSE
	EndGlobalSection
	GlobalSection(ExtensibilityGlobals) = postSolution
		SolutionGuid = {F4C0020A-24E9-4BD2-A15D-FEDCCC6E56E0}
	EndGlobalSection
EndGlobal
