
Microsoft Visual Studio Solution File, Format Version 12.00
# Visual Studio Version 17
VisualStudioVersion = 17.13.35828.75 d17.13
MinimumVisualStudioVersion = 10.0.40219.1
Project("{FAE04EC0-301F-11D3-BF4B-00C04F79EFBC}") = "LoginUsandoDicionario", "LoginUsandoDicionario\LoginUsandoDicionario.csproj", "{43ADFE41-90DF-4286-ADD0-F7941D5B55FA}"
EndProject
Global
	GlobalSection(SolutionConfigurationPlatforms) = preSolution
		Debug|Any CPU = Debug|Any CPU
		Release|Any CPU = Release|Any CPU
	EndGlobalSection
	GlobalSection(ProjectConfigurationPlatforms) = postSolution
		{43ADFE41-90DF-4286-ADD0-F7941D5B55FA}.Debug|Any CPU.ActiveCfg = Debug|Any CPU
		{43ADFE41-90DF-4286-ADD0-F7941D5B55FA}.Debug|Any CPU.Build.0 = Debug|Any CPU
		{43ADFE41-90DF-4286-ADD0-F7941D5B55FA}.Release|Any CPU.ActiveCfg = Release|Any CPU
		{43ADFE41-90DF-4286-ADD0-F7941D5B55FA}.Release|Any CPU.Build.0 = Release|Any CPU
	EndGlobalSection
	GlobalSection(SolutionProperties) = preSolution
		HideSolutionNode = FALSE
	EndGlobalSection
	GlobalSection(ExtensibilityGlobals) = postSolution
		SolutionGuid = {15DD6BA1-34C5-43AE-BF9A-8A1F97E89A23}
	EndGlobalSection
EndGlobal
